
Microsoft Visual Studio Solution File, Format Version 12.00
# Visual Studio Version 16
VisualStudioVersion = 16.0.33423.256
MinimumVisualStudioVersion = 10.0.40219.1
Project("{FAE04EC0-301F-11D3-BF4B-00C04F79EFBC}") = "Pracownicy MVP", "Pracownicy MVP\Pracownicy MVP.csproj", "{1768E3B8-B46F-43E7-B0F1-07D4FA5820A8}"
EndProject
Global
	GlobalSection(SolutionConfigurationPlatforms) = preSolution
		Debug|Any CPU = Debug|Any CPU
		Release|Any CPU = Release|Any CPU
	EndGlobalSection
	GlobalSection(ProjectConfigurationPlatforms) = postSolution
		{1768E3B8-B46F-43E7-B0F1-07D4FA5820A8}.Debug|Any CPU.ActiveCfg = Debug|Any CPU
		{1768E3B8-B46F-43E7-B0F1-07D4FA5820A8}.Debug|Any CPU.Build.0 = Debug|Any CPU
		{1768E3B8-B46F-43E7-B0F1-07D4FA5820A8}.Release|Any CPU.ActiveCfg = Release|Any CPU
		{1768E3B8-B46F-43E7-B0F1-07D4FA5820A8}.Release|Any CPU.Build.0 = Release|Any CPU
	EndGlobalSection
	GlobalSection(SolutionProperties) = preSolution
		HideSolutionNode = FALSE
	EndGlobalSection
	GlobalSection(ExtensibilityGlobals) = postSolution
		SolutionGuid = {9752787E-3820-47C9-A121-6C298369DF1A}
	EndGlobalSection
EndGlobal
